
Microsoft Visual Studio Solution File, Format Version 12.00
# Visual Studio 14
VisualStudioVersion = 14.0.25420.1
MinimumVisualStudioVersion = 10.0.40219.1
Project("{FAE04EC0-301F-11D3-BF4B-00C04F79EFBC}") = "Expert.WebApi", "Expert.WebApi\Expert.WebApi.csproj", "{973FE645-6AD8-43E2-8549-DDF6AC130091}"
EndProject
Project("{FAE04EC0-301F-11D3-BF4B-00C04F79EFBC}") = "Expert.Business", "Expert.Business\Expert.Business.csproj", "{5E7E8EA6-16BA-450F-9527-F33EA636EA91}"
EndProject
Project("{FAE04EC0-301F-11D3-BF4B-00C04F79EFBC}") = "Expert.Data", "Expert.Data\Expert.Data.csproj", "{B14869CD-889C-405E-A8DC-A0CD28009BC9}"
EndProject
Project("{FAE04EC0-301F-11D3-BF4B-00C04F79EFBC}") = "Expert.DomainEntities", "Expert.DomainEntities\Expert.DomainEntities.csproj", "{F72B6F2A-63F0-4FFC-BB6D-220B7D7CF73E}"
EndProject
Global
	GlobalSection(SolutionConfigurationPlatforms) = preSolution
		Debug|Any CPU = Debug|Any CPU
		Release|Any CPU = Release|Any CPU
	EndGlobalSection
	GlobalSection(ProjectConfigurationPlatforms) = postSolution
		{973FE645-6AD8-43E2-8549-DDF6AC130091}.Debug|Any CPU.ActiveCfg = Debug|Any CPU
		{973FE645-6AD8-43E2-8549-DDF6AC130091}.Debug|Any CPU.Build.0 = Debug|Any CPU
		{973FE645-6AD8-43E2-8549-DDF6AC130091}.Release|Any CPU.ActiveCfg = Release|Any CPU
		{973FE645-6AD8-43E2-8549-DDF6AC130091}.Release|Any CPU.Build.0 = Release|Any CPU
		{5E7E8EA6-16BA-450F-9527-F33EA636EA91}.Debug|Any CPU.ActiveCfg = Debug|Any CPU
		{5E7E8EA6-16BA-450F-9527-F33EA636EA91}.Debug|Any CPU.Build.0 = Debug|Any CPU
		{5E7E8EA6-16BA-450F-9527-F33EA636EA91}.Release|Any CPU.ActiveCfg = Release|Any CPU
		{5E7E8EA6-16BA-450F-9527-F33EA636EA91}.Release|Any CPU.Build.0 = Release|Any CPU
		{B14869CD-889C-405E-A8DC-A0CD28009BC9}.Debug|Any CPU.ActiveCfg = Debug|Any CPU
		{B14869CD-889C-405E-A8DC-A0CD28009BC9}.Debug|Any CPU.Build.0 = Debug|Any CPU
		{B14869CD-889C-405E-A8DC-A0CD28009BC9}.Release|Any CPU.ActiveCfg = Release|Any CPU
		{B14869CD-889C-405E-A8DC-A0CD28009BC9}.Release|Any CPU.Build.0 = Release|Any CPU
		{F72B6F2A-63F0-4FFC-BB6D-220B7D7CF73E}.Debug|Any CPU.ActiveCfg = Debug|Any CPU
		{F72B6F2A-63F0-4FFC-BB6D-220B7D7CF73E}.Debug|Any CPU.Build.0 = Debug|Any CPU
		{F72B6F2A-63F0-4FFC-BB6D-220B7D7CF73E}.Release|Any CPU.ActiveCfg = Release|Any CPU
		{F72B6F2A-63F0-4FFC-BB6D-220B7D7CF73E}.Release|Any CPU.Build.0 = Release|Any CPU
	EndGlobalSection
	GlobalSection(SolutionProperties) = preSolution
		HideSolutionNode = FALSE
	EndGlobalSection
EndGlobal
